
Microsoft Visual Studio Solution File, Format Version 12.00
# Visual Studio Version 17
VisualStudioVersion = 17.0.31521.260
MinimumVisualStudioVersion = 10.0.40219.1
Project("{FAE04EC0-301F-11D3-BF4B-00C04F79EFBC}") = "Les5", "Les5\Les5.csproj", "{8FDC4471-6A92-45CD-BAC2-274C45277551}"
EndProject
Project("{FAE04EC0-301F-11D3-BF4B-00C04F79EFBC}") = "ScanStrategy", "ScanStrategy\ScanStrategy.csproj", "{6AE40B88-1BFE-494F-9B7E-2FF55B3ECEC5}"
EndProject
Project("{FAE04EC0-301F-11D3-BF4B-00C04F79EFBC}") = "ScannerDevice", "ScannerDevice\ScannerDevice.csproj", "{24EF2701-030F-4892-BA30-8D93F343F867}"
EndProject
Global
	GlobalSection(SolutionConfigurationPlatforms) = preSolution
		Debug|Any CPU = Debug|Any CPU
		Release|Any CPU = Release|Any CPU
	EndGlobalSection
	GlobalSection(ProjectConfigurationPlatforms) = postSolution
		{8FDC4471-6A92-45CD-BAC2-274C45277551}.Debug|Any CPU.ActiveCfg = Debug|Any CPU
		{8FDC4471-6A92-45CD-BAC2-274C45277551}.Debug|Any CPU.Build.0 = Debug|Any CPU
		{8FDC4471-6A92-45CD-BAC2-274C45277551}.Release|Any CPU.ActiveCfg = Release|Any CPU
		{8FDC4471-6A92-45CD-BAC2-274C45277551}.Release|Any CPU.Build.0 = Release|Any CPU
		{6AE40B88-1BFE-494F-9B7E-2FF55B3ECEC5}.Debug|Any CPU.ActiveCfg = Debug|Any CPU
		{6AE40B88-1BFE-494F-9B7E-2FF55B3ECEC5}.Debug|Any CPU.Build.0 = Debug|Any CPU
		{6AE40B88-1BFE-494F-9B7E-2FF55B3ECEC5}.Release|Any CPU.ActiveCfg = Release|Any CPU
		{6AE40B88-1BFE-494F-9B7E-2FF55B3ECEC5}.Release|Any CPU.Build.0 = Release|Any CPU
		{24EF2701-030F-4892-BA30-8D93F343F867}.Debug|Any CPU.ActiveCfg = Debug|Any CPU
		{24EF2701-030F-4892-BA30-8D93F343F867}.Debug|Any CPU.Build.0 = Debug|Any CPU
		{24EF2701-030F-4892-BA30-8D93F343F867}.Release|Any CPU.ActiveCfg = Release|Any CPU
		{24EF2701-030F-4892-BA30-8D93F343F867}.Release|Any CPU.Build.0 = Release|Any CPU
	EndGlobalSection
	GlobalSection(SolutionProperties) = preSolution
		HideSolutionNode = FALSE
	EndGlobalSection
	GlobalSection(ExtensibilityGlobals) = postSolution
		SolutionGuid = {34CAFB33-4CB0-485F-A097-126429260445}
	EndGlobalSection
EndGlobal
